<?xml version="1.0" encoding="utf-8"?>
<Project ToolsVersion="4.0" xmlns="http://schemas.microsoft.com/developer/msbuild/2003">
  <ItemGroup>
    <Filter Include="Source Files">
      <UniqueIdentifier>{4FC737F1-C7A5-4376-A066-2A32D752A2FF}</UniqueIdentifier>
      <Extensions>cpp;c;cc;cxx;def;odl;idl;hpj;bat;asm;asmx</Extensions>
    </Filter>
    <Filter Include="Source Files\Controls">
      <UniqueIdentifier>{b5fdeca9-a4a8-42b0-ad5f-abb0d13b8087}</UniqueIdentifier>
    </Filter>
    <Filter Include="Source Files\Base">
      <UniqueIdentifier>{919d6d8c-5160-424f-acc4-1bd6a2239629}</UniqueIdentifier>
    </Filter>
    <Filter Include="Source Files\Framework">
      <UniqueIdentifier>{5538dfdc-b412-43d3-acb7-c17abdc91fb7}</UniqueIdentifier>
    </Filter>
    <Filter Include="Source Files\Overlays">
      <UniqueIdentifier>{9525ff43-a7ea-4b10-bdb9-326a7e8edd91}</UniqueIdentifier>
    </Filter>
    <Filter Include="Docs">
      <UniqueIdentifier>{cbbef47e-ff79-48dc-96b2-a745326e22cf}</UniqueIdentifier>
    </Filter>
    <Filter Include="Resource Files">
      <UniqueIdentifier>{67DA6AB6-F800-4c08-8B7A-83BB121AAD01}</UniqueIdentifier>
      <Extensions>rc;ico;cur;bmp;dlg;rc2;rct;bin;rgs;gif;jpg;jpeg;jpe;resx;tiff;tif;png;wav</Extensions>
    </Filter>
  </ItemGroup>
  <ItemGroup>
    <ClCompile Include="CAT3DVideo.cpp">
      <Filter>Source Files\Controls</Filter>
    </ClCompile>
    <ClCompile Include="CAT3DView.cpp">
      <Filter>Source Files\Controls</Filter>
    </ClCompile>
    <ClCompile Include="CATAppButton.cpp">
      <Filter>Source Files\Controls</Filter>
    </ClCompile>
    <ClCompile Include="CATBrowser.cpp">
      <Filter>Source Files\Controls</Filter>
    </ClCompile>
    <ClCompile Include="CATBrowser_Win32.cpp">
      <Filter>Source Files\Controls</Filter>
    </ClCompile>
    <ClCompile Include="CATButton.cpp">
      <Filter>Source Files\Controls</Filter>
    </ClCompile>
    <ClCompile Include="CATComboBox.cpp">
      <Filter>Source Files\Controls</Filter>
    </ClCompile>
    <ClCompile Include="CATEditBox.cpp">
      <Filter>Source Files\Controls</Filter>
    </ClCompile>
    <ClCompile Include="CATEditBox_Win32.cpp">
      <Filter>Source Files\Controls</Filter>
    </ClCompile>
    <ClCompile Include="CATIconButton.cpp">
      <Filter>Source Files\Controls</Filter>
    </ClCompile>
    <ClCompile Include="CATIconSwitch.cpp">
      <Filter>Source Files\Controls</Filter>
    </ClCompile>
    <ClCompile Include="CATKnob.cpp">
      <Filter>Source Files\Controls</Filter>
    </ClCompile>
    <ClCompile Include="CATLabel.cpp">
      <Filter>Source Files\Controls</Filter>
    </ClCompile>
    <ClCompile Include="CATLayer.cpp">
      <Filter>Source Files\Controls</Filter>
    </ClCompile>
    <ClCompile Include="CATListBox.cpp">
      <Filter>Source Files\Controls</Filter>
    </ClCompile>
    <ClCompile Include="CATListBox_Win32.cpp">
      <Filter>Source Files\Controls</Filter>
    </ClCompile>
    <ClCompile Include="CATMenu.cpp">
      <Filter>Source Files\Controls</Filter>
    </ClCompile>
    <ClCompile Include="CATMenu_Win32.cpp">
      <Filter>Source Files\Controls</Filter>
    </ClCompile>
    <ClCompile Include="CATPicture.cpp">
      <Filter>Source Files\Controls</Filter>
    </ClCompile>
    <ClCompile Include="CATPictureMulti.cpp">
      <Filter>Source Files\Controls</Filter>
    </ClCompile>
    <ClCompile Include="CATProgress.cpp">
      <Filter>Source Files\Controls</Filter>
    </ClCompile>
    <ClCompile Include="CATRadioButton.cpp">
      <Filter>Source Files\Controls</Filter>
    </ClCompile>
    <ClCompile Include="CATSlider.cpp">
      <Filter>Source Files\Controls</Filter>
    </ClCompile>
    <ClCompile Include="CATSwitch.cpp">
      <Filter>Source Files\Controls</Filter>
    </ClCompile>
    <ClCompile Include="CATSwitchMulti.cpp">
      <Filter>Source Files\Controls</Filter>
    </ClCompile>
    <ClCompile Include="CATTab.cpp">
      <Filter>Source Files\Controls</Filter>
    </ClCompile>
    <ClCompile Include="CATTreeCtrl.cpp">
      <Filter>Source Files\Controls</Filter>
    </ClCompile>
    <ClCompile Include="CATTreeCtrl_Win32.cpp">
      <Filter>Source Files\Controls</Filter>
    </ClCompile>
    <ClCompile Include="CATControl.cpp">
      <Filter>Source Files\Base</Filter>
    </ClCompile>
    <ClCompile Include="CATControlWnd.cpp">
      <Filter>Source Files\Base</Filter>
    </ClCompile>
    <ClCompile Include="CATControlWnd_Win32.cpp">
      <Filter>Source Files\Base</Filter>
    </ClCompile>
    <ClCompile Include="CATCursor_Win32.cpp">
      <Filter>Source Files\Base</Filter>
    </ClCompile>
    <ClCompile Include="CATGuiObj.cpp">
      <Filter>Source Files\Base</Filter>
    </ClCompile>
    <ClCompile Include="CATSkin.cpp">
      <Filter>Source Files\Base</Filter>
    </ClCompile>
    <ClCompile Include="CATWaitDlg.cpp">
      <Filter>Source Files\Base</Filter>
    </ClCompile>
    <ClCompile Include="CATWidget.cpp">
      <Filter>Source Files\Base</Filter>
    </ClCompile>
    <ClCompile Include="CATWindow.cpp">
      <Filter>Source Files\Base</Filter>
    </ClCompile>
    <ClCompile Include="CATWindow_Win32.cpp">
      <Filter>Source Files\Base</Filter>
    </ClCompile>
    <ClCompile Include="CATApp.cpp">
      <Filter>Source Files\Framework</Filter>
    </ClCompile>
    <ClCompile Include="CATApp_Win32.cpp">
      <Filter>Source Files\Framework</Filter>
    </ClCompile>
    <ClCompile Include="CATCommand.cpp">
      <Filter>Source Files\Framework</Filter>
    </ClCompile>
    <ClCompile Include="CATGuiFactory.cpp">
      <Filter>Source Files\Framework</Filter>
    </ClCompile>
    <ClCompile Include="CATPrefs.cpp">
      <Filter>Source Files\Framework</Filter>
    </ClCompile>
    <ClCompile Include="CATOverlayFactory.cpp">
      <Filter>Source Files\Overlays</Filter>
    </ClCompile>
  </ItemGroup>
  <ItemGroup>
    <ClInclude Include="CAT3DVideo.h">
      <Filter>Source Files\Controls</Filter>
    </ClInclude>
    <ClInclude Include="CAT3DView.h">
      <Filter>Source Files\Controls</Filter>
    </ClInclude>
    <ClInclude Include="CATAppButton.h">
      <Filter>Source Files\Controls</Filter>
    </ClInclude>
    <ClInclude Include="CATBrowser.h">
      <Filter>Source Files\Controls</Filter>
    </ClInclude>
    <ClInclude Include="CATButton.h">
      <Filter>Source Files\Controls</Filter>
    </ClInclude>
    <ClInclude Include="CATComboBox.h">
      <Filter>Source Files\Controls</Filter>
    </ClInclude>
    <ClInclude Include="CATEditBox.h">
      <Filter>Source Files\Controls</Filter>
    </ClInclude>
    <ClInclude Include="CATIconButton.h">
      <Filter>Source Files\Controls</Filter>
    </ClInclude>
    <ClInclude Include="CATIconSwitch.h">
      <Filter>Source Files\Controls</Filter>
    </ClInclude>
    <ClInclude Include="CATKnob.h">
      <Filter>Source Files\Controls</Filter>
    </ClInclude>
    <ClInclude Include="CATLabel.h">
      <Filter>Source Files\Controls</Filter>
    </ClInclude>
    <ClInclude Include="CATLayer.h">
      <Filter>Source Files\Controls</Filter>
    </ClInclude>
    <ClInclude Include="CATListBox.h">
      <Filter>Source Files\Controls</Filter>
    </ClInclude>
    <ClInclude Include="CATMenu.h">
      <Filter>Source Files\Controls</Filter>
    </ClInclude>
    <ClInclude Include="CATPicture.h">
      <Filter>Source Files\Controls</Filter>
    </ClInclude>
    <ClInclude Include="CATPictureMulti.h">
      <Filter>Source Files\Controls</Filter>
    </ClInclude>
    <ClInclude Include="CATProgress.h">
      <Filter>Source Files\Controls</Filter>
    </ClInclude>
    <ClInclude Include="CATRadioButton.h">
      <Filter>Source Files\Controls</Filter>
    </ClInclude>
    <ClInclude Include="CATSlider.h">
      <Filter>Source Files\Controls</Filter>
    </ClInclude>
    <ClInclude Include="CATSwitch.h">
      <Filter>Source Files\Controls</Filter>
    </ClInclude>
    <ClInclude Include="CATSwitchMulti.h">
      <Filter>Source Files\Controls</Filter>
    </ClInclude>
    <ClInclude Include="CATTab.h">
      <Filter>Source Files\Controls</Filter>
    </ClInclude>
    <ClInclude Include="CATTreeCtrl.h">
      <Filter>Source Files\Controls</Filter>
    </ClInclude>
    <ClInclude Include="CATControl.h">
      <Filter>Source Files\Base</Filter>
    </ClInclude>
    <ClInclude Include="CATControlWnd.h">
      <Filter>Source Files\Base</Filter>
    </ClInclude>
    <ClInclude Include="CATCursor.h">
      <Filter>Source Files\Base</Filter>
    </ClInclude>
    <ClInclude Include="CATGUIAccessDefs.h">
      <Filter>Source Files\Base</Filter>
    </ClInclude>
    <ClInclude Include="CATGuiObj.h">
      <Filter>Source Files\Base</Filter>
    </ClInclude>
    <ClInclude Include="CATSkin.h">
      <Filter>Source Files\Base</Filter>
    </ClInclude>
    <ClInclude Include="CATWaitDlg.h">
      <Filter>Source Files\Base</Filter>
    </ClInclude>
    <ClInclude Include="CATWidget.h">
      <Filter>Source Files\Base</Filter>
    </ClInclude>
    <ClInclude Include="CATWindow.h">
      <Filter>Source Files\Base</Filter>
    </ClInclude>
    <ClInclude Include="CATApp.h">
      <Filter>Source Files\Framework</Filter>
    </ClInclude>
    <ClInclude Include="CATCommand.h">
      <Filter>Source Files\Framework</Filter>
    </ClInclude>
    <ClInclude Include="CATEvent.h">
      <Filter>Source Files\Framework</Filter>
    </ClInclude>
    <ClInclude Include="CATEventDefs.h">
      <Filter>Source Files\Framework</Filter>
    </ClInclude>
    <ClInclude Include="CATGUI.h">
      <Filter>Source Files\Framework</Filter>
    </ClInclude>
    <ClInclude Include="CATGuiFactory.h">
      <Filter>Source Files\Framework</Filter>
    </ClInclude>
    <ClInclude Include="CATGUIInternal.h">
      <Filter>Source Files\Framework</Filter>
    </ClInclude>
    <ClInclude Include="CATPrefs.h">
      <Filter>Source Files\Framework</Filter>
    </ClInclude>
    <ClInclude Include="CATOverlayFactory.h">
      <Filter>Source Files\Overlays</Filter>
    </ClInclude>
    <ClInclude Include="CATGuiResDefs.h">
      <Filter>Resource Files</Filter>
    </ClInclude>
  </ItemGroup>
  <ItemGroup>
    <None Include="CATGUI.dox">
      <Filter>Docs</Filter>
    </None>
    <None Include="ClassDiagram1.cd" />
  </ItemGroup>
</Project>